
Microsoft Visual Studio Solution File, Format Version 12.00
# Visual Studio Version 16
VisualStudioVersion = 16.0.34729.46
MinimumVisualStudioVersion = 10.0.40219.1
Project("{FAE04EC0-301F-11D3-BF4B-00C04F79EFBC}") = "Commission", "Commission.csproj", "{0C9D9804-06EB-47B1-8126-EFE5B65E22F0}"
EndProject
Global
	GlobalSection(SolutionConfigurationPlatforms) = preSolution
		Debug|Any CPU = Debug|Any CPU
		Release|Any CPU = Release|Any CPU
	EndGlobalSection
	GlobalSection(ProjectConfigurationPlatforms) = postSolution
		{0C9D9804-06EB-47B1-8126-EFE5B65E22F0}.Debug|Any CPU.ActiveCfg = Debug|Any CPU
		{0C9D9804-06EB-47B1-8126-EFE5B65E22F0}.Debug|Any CPU.Build.0 = Debug|Any CPU
		{0C9D9804-06EB-47B1-8126-EFE5B65E22F0}.Release|Any CPU.ActiveCfg = Release|Any CPU
		{0C9D9804-06EB-47B1-8126-EFE5B65E22F0}.Release|Any CPU.Build.0 = Release|Any CPU
	EndGlobalSection
	GlobalSection(SolutionProperties) = preSolution
		HideSolutionNode = FALSE
	EndGlobalSection
	GlobalSection(ExtensibilityGlobals) = postSolution
		SolutionGuid = {9FF31FEE-E55C-467F-A650-967C1B0AC536}
	EndGlobalSection
EndGlobal
