
Microsoft Visual Studio Solution File, Format Version 12.00
# Visual Studio Version 16
VisualStudioVersion = 16.0.34729.46
MinimumVisualStudioVersion = 10.0.40219.1
Project("{FAE04EC0-301F-11D3-BF4B-00C04F79EFBC}") = "Lab1", "Lab1.csproj", "{17058958-B871-41EA-A7C4-9C2155AC4E0C}"
EndProject
Global
	GlobalSection(SolutionConfigurationPlatforms) = preSolution
		Debug|Any CPU = Debug|Any CPU
		Release|Any CPU = Release|Any CPU
	EndGlobalSection
	GlobalSection(ProjectConfigurationPlatforms) = postSolution
		{17058958-B871-41EA-A7C4-9C2155AC4E0C}.Debug|Any CPU.ActiveCfg = Debug|Any CPU
		{17058958-B871-41EA-A7C4-9C2155AC4E0C}.Debug|Any CPU.Build.0 = Debug|Any CPU
		{17058958-B871-41EA-A7C4-9C2155AC4E0C}.Release|Any CPU.ActiveCfg = Release|Any CPU
		{17058958-B871-41EA-A7C4-9C2155AC4E0C}.Release|Any CPU.Build.0 = Release|Any CPU
	EndGlobalSection
	GlobalSection(SolutionProperties) = preSolution
		HideSolutionNode = FALSE
	EndGlobalSection
	GlobalSection(ExtensibilityGlobals) = postSolution
		SolutionGuid = {9288CA75-69A2-4497-BEC1-31A976C7BFA0}
	EndGlobalSection
EndGlobal
